
Microsoft Visual Studio Solution File, Format Version 11.00
# Visual Studio 2010
Project("{002A2DE9-8BB6-484D-9802-7E4AD4084715}") = "Pbus", "Pbus\Pbus.visualdproj", "{400D33C5-20B7-4E40-B313-DF661116EC47}"
EndProject
Global
	GlobalSection(SolutionConfigurationPlatforms) = preSolution
		Debug|Win32 = Debug|Win32
		Release|Win32 = Release|Win32
	EndGlobalSection
	GlobalSection(ProjectConfigurationPlatforms) = postSolution
		{400D33C5-20B7-4E40-B313-DF661116EC47}.Debug|Win32.ActiveCfg = Debug|Win32
		{400D33C5-20B7-4E40-B313-DF661116EC47}.Debug|Win32.Build.0 = Debug|Win32
		{400D33C5-20B7-4E40-B313-DF661116EC47}.Release|Win32.ActiveCfg = Release|Win32
		{400D33C5-20B7-4E40-B313-DF661116EC47}.Release|Win32.Build.0 = Release|Win32
	EndGlobalSection
	GlobalSection(SolutionProperties) = preSolution
		HideSolutionNode = FALSE
	EndGlobalSection
EndGlobal
